
Microsoft Visual Studio Solution File, Format Version 12.00
Project("{FAE04EC0-301F-11D3-BF4B-00C04F79EFBC}") = "Domain", "src\Domain\Domain.csproj", "{04E477A9-642D-48AF-83A3-B85A30E1547D}"
EndProject
Project("{FAE04EC0-301F-11D3-BF4B-00C04F79EFBC}") = "Domain.Test", "src\Domain.Test\Domain.Test.csproj", "{43268498-A1E4-4A70-AAA3-BDDE8AD69235}"
EndProject
Project("{FAE04EC0-301F-11D3-BF4B-00C04F79EFBC}") = "Application", "src\Application\Application.csproj", "{A625BEC8-98B0-4B54-BFC0-1196B49F9AC2}"
EndProject
Project("{FAE04EC0-301F-11D3-BF4B-00C04F79EFBC}") = "Infrastructure", "src\Infrastructure\Infrastructure.csproj", "{087AEB2E-FF8A-423C-94C6-50924450157A}"
EndProject
Project("{FAE04EC0-301F-11D3-BF4B-00C04F79EFBC}") = "Application.Test", "src\Application.Test\Application.Test.csproj", "{C57844FA-F0AB-445A-AC20-C52C00C5BBA9}"
EndProject
Project("{FAE04EC0-301F-11D3-BF4B-00C04F79EFBC}") = "Infrastructure.Test", "src\Infrastructure.Test\Infrastructure.Test.csproj", "{38FAA004-B87B-4EC1-9543-E169B25B3950}"
EndProject
Global
	GlobalSection(SolutionConfigurationPlatforms) = preSolution
		Debug|Any CPU = Debug|Any CPU
		Release|Any CPU = Release|Any CPU
	EndGlobalSection
	GlobalSection(ProjectConfigurationPlatforms) = postSolution
		{04E477A9-642D-48AF-83A3-B85A30E1547D}.Debug|Any CPU.ActiveCfg = Debug|Any CPU
		{04E477A9-642D-48AF-83A3-B85A30E1547D}.Debug|Any CPU.Build.0 = Debug|Any CPU
		{04E477A9-642D-48AF-83A3-B85A30E1547D}.Release|Any CPU.ActiveCfg = Release|Any CPU
		{04E477A9-642D-48AF-83A3-B85A30E1547D}.Release|Any CPU.Build.0 = Release|Any CPU
		{A625BEC8-98B0-4B54-BFC0-1196B49F9AC2}.Debug|Any CPU.ActiveCfg = Debug|Any CPU
		{A625BEC8-98B0-4B54-BFC0-1196B49F9AC2}.Debug|Any CPU.Build.0 = Debug|Any CPU
		{A625BEC8-98B0-4B54-BFC0-1196B49F9AC2}.Release|Any CPU.ActiveCfg = Release|Any CPU
		{A625BEC8-98B0-4B54-BFC0-1196B49F9AC2}.Release|Any CPU.Build.0 = Release|Any CPU
		{087AEB2E-FF8A-423C-94C6-50924450157A}.Debug|Any CPU.ActiveCfg = Debug|Any CPU
		{087AEB2E-FF8A-423C-94C6-50924450157A}.Debug|Any CPU.Build.0 = Debug|Any CPU
		{087AEB2E-FF8A-423C-94C6-50924450157A}.Release|Any CPU.ActiveCfg = Release|Any CPU
		{087AEB2E-FF8A-423C-94C6-50924450157A}.Release|Any CPU.Build.0 = Release|Any CPU
		{43268498-A1E4-4A70-AAA3-BDDE8AD69235}.Debug|Any CPU.ActiveCfg = Debug|Any CPU
		{43268498-A1E4-4A70-AAA3-BDDE8AD69235}.Debug|Any CPU.Build.0 = Debug|Any CPU
		{43268498-A1E4-4A70-AAA3-BDDE8AD69235}.Release|Any CPU.ActiveCfg = Release|Any CPU
		{43268498-A1E4-4A70-AAA3-BDDE8AD69235}.Release|Any CPU.Build.0 = Release|Any CPU
		{C57844FA-F0AB-445A-AC20-C52C00C5BBA9}.Debug|Any CPU.ActiveCfg = Debug|Any CPU
		{C57844FA-F0AB-445A-AC20-C52C00C5BBA9}.Debug|Any CPU.Build.0 = Debug|Any CPU
		{C57844FA-F0AB-445A-AC20-C52C00C5BBA9}.Release|Any CPU.ActiveCfg = Release|Any CPU
		{C57844FA-F0AB-445A-AC20-C52C00C5BBA9}.Release|Any CPU.Build.0 = Release|Any CPU
		{38FAA004-B87B-4EC1-9543-E169B25B3950}.Debug|Any CPU.ActiveCfg = Debug|Any CPU
		{38FAA004-B87B-4EC1-9543-E169B25B3950}.Debug|Any CPU.Build.0 = Debug|Any CPU
		{38FAA004-B87B-4EC1-9543-E169B25B3950}.Release|Any CPU.ActiveCfg = Release|Any CPU
		{38FAA004-B87B-4EC1-9543-E169B25B3950}.Release|Any CPU.Build.0 = Release|Any CPU
	EndGlobalSection
EndGlobal
